
Microsoft Visual Studio Solution File, Format Version 12.00
# Visual Studio Version 16
VisualStudioVersion = 16.0.30907.101
MinimumVisualStudioVersion = 10.0.40219.1
Project("{FAE04EC0-301F-11D3-BF4B-00C04F79EFBC}") = "BlackJack", "BlackJack\BlackJack.csproj", "{16F2C747-864F-4019-BFE3-3AC3B73E24A6}"
EndProject
Global
	GlobalSection(SolutionConfigurationPlatforms) = preSolution
		Debug|Any CPU = Debug|Any CPU
		Release|Any CPU = Release|Any CPU
	EndGlobalSection
	GlobalSection(ProjectConfigurationPlatforms) = postSolution
		{16F2C747-864F-4019-BFE3-3AC3B73E24A6}.Debug|Any CPU.ActiveCfg = Debug|Any CPU
		{16F2C747-864F-4019-BFE3-3AC3B73E24A6}.Debug|Any CPU.Build.0 = Debug|Any CPU
		{16F2C747-864F-4019-BFE3-3AC3B73E24A6}.Release|Any CPU.ActiveCfg = Release|Any CPU
		{16F2C747-864F-4019-BFE3-3AC3B73E24A6}.Release|Any CPU.Build.0 = Release|Any CPU
	EndGlobalSection
	GlobalSection(SolutionProperties) = preSolution
		HideSolutionNode = FALSE
	EndGlobalSection
	GlobalSection(ExtensibilityGlobals) = postSolution
		SolutionGuid = {2B172B7F-BF0D-44F2-9251-E4177A30B4A2}
	EndGlobalSection
EndGlobal
